
Microsoft Visual Studio Solution File, Format Version 12.00
# Visual Studio Version 16
VisualStudioVersion = 16.0.30204.135
MinimumVisualStudioVersion = 10.0.40219.1
Project("{8BC9CEB8-8B4A-11D0-8D11-00A0C91BC942}") = "GraphicApplication", "GraphicApplication\GraphicApplication.vcxproj", "{74D64820-A683-4D12-A20C-A678C33EBE76}"
EndProject
Project("{8BC9CEB8-8B4A-11D0-8D11-00A0C91BC942}") = "Bai06", "Bai06\Bai06.vcxproj", "{EAA6CC5B-F1F0-4963-95F3-13CAEF907CB1}"
EndProject
Project("{8BC9CEB8-8B4A-11D0-8D11-00A0C91BC942}") = "Bai07", "Bai07\Bai07.vcxproj", "{DEBEFEE7-13D4-48B5-A693-540C4A989E26}"
EndProject
Project("{8BC9CEB8-8B4A-11D0-8D11-00A0C91BC942}") = "Lab02", "Lab02\Lab02.vcxproj", "{3BD23457-2BBA-4CB4-A55C-69A476870BB4}"
EndProject
Project("{8BC9CEB8-8B4A-11D0-8D11-00A0C91BC942}") = "Lab02-Bai09", "Lab02-Bai09\Lab02-Bai09.vcxproj", "{1B774992-9F3B-4F64-A9AD-035B1ADF4BAC}"
EndProject
Project("{8BC9CEB8-8B4A-11D0-8D11-00A0C91BC942}") = "Lab03", "Lab03\Lab03.vcxproj", "{00C4405F-D287-4B65-9114-7C94FE82753A}"
EndProject
Project("{8BC9CEB8-8B4A-11D0-8D11-00A0C91BC942}") = "Lab03-Bai07", "Lab03-Bai07\Lab03-Bai07.vcxproj", "{215233A2-9C49-4D94-AC1B-3DDE41852D92}"
EndProject
Project("{8BC9CEB8-8B4A-11D0-8D11-00A0C91BC942}") = "Lab03-Bai08", "Lab03-Bai08\Lab03-Bai08.vcxproj", "{625C0472-CF04-4F96-BFE7-5575E99EFEE6}"
EndProject
Project("{8BC9CEB8-8B4A-11D0-8D11-00A0C91BC942}") = "Lab04", "Lab04\Lab04.vcxproj", "{D5170581-70F9-40AA-96FF-B3CDD6A3F45F}"
EndProject
Project("{8BC9CEB8-8B4A-11D0-8D11-00A0C91BC942}") = "Lab04-Bai03", "Lab04-Bai03\Lab04-Bai03.vcxproj", "{4F9257C3-2C76-45DF-9FD3-DDE8E81CB3B5}"
EndProject
Project("{8BC9CEB8-8B4A-11D0-8D11-00A0C91BC942}") = "Lab04-Bai05", "Lab04-Bai05\Lab04-Bai05.vcxproj", "{E505DFFC-A938-4083-ABFE-71DF587CB3F4}"
EndProject
Project("{8BC9CEB8-8B4A-11D0-8D11-00A0C91BC942}") = "Lab05", "Lab05\Lab05.vcxproj", "{A7CD213B-7534-4CC5-ACF3-B6457D497067}"
EndProject
Project("{8BC9CEB8-8B4A-11D0-8D11-00A0C91BC942}") = "Lab06", "Lab06\Lab06.vcxproj", "{AD4454AA-2C15-4B21-83DE-C7C403D68D97}"
EndProject
Project("{8BC9CEB8-8B4A-11D0-8D11-00A0C91BC942}") = "Lab07", "Lab07\Lab07.vcxproj", "{6B4C703A-9369-4A0B-BC85-13D26BB5B82E}"
EndProject
Global
	GlobalSection(SolutionConfigurationPlatforms) = preSolution
		Debug|x64 = Debug|x64
		Debug|x86 = Debug|x86
		Release|x64 = Release|x64
		Release|x86 = Release|x86
	EndGlobalSection
	GlobalSection(ProjectConfigurationPlatforms) = postSolution
		{74D64820-A683-4D12-A20C-A678C33EBE76}.Debug|x64.ActiveCfg = Debug|x64
		{74D64820-A683-4D12-A20C-A678C33EBE76}.Debug|x64.Build.0 = Debug|x64
		{74D64820-A683-4D12-A20C-A678C33EBE76}.Debug|x86.ActiveCfg = Debug|Win32
		{74D64820-A683-4D12-A20C-A678C33EBE76}.Debug|x86.Build.0 = Debug|Win32
		{74D64820-A683-4D12-A20C-A678C33EBE76}.Release|x64.ActiveCfg = Release|x64
		{74D64820-A683-4D12-A20C-A678C33EBE76}.Release|x64.Build.0 = Release|x64
		{74D64820-A683-4D12-A20C-A678C33EBE76}.Release|x86.ActiveCfg = Release|Win32
		{74D64820-A683-4D12-A20C-A678C33EBE76}.Release|x86.Build.0 = Release|Win32
		{EAA6CC5B-F1F0-4963-95F3-13CAEF907CB1}.Debug|x64.ActiveCfg = Debug|x64
		{EAA6CC5B-F1F0-4963-95F3-13CAEF907CB1}.Debug|x64.Build.0 = Debug|x64
		{EAA6CC5B-F1F0-4963-95F3-13CAEF907CB1}.Debug|x86.ActiveCfg = Debug|Win32
		{EAA6CC5B-F1F0-4963-95F3-13CAEF907CB1}.Debug|x86.Build.0 = Debug|Win32
		{EAA6CC5B-F1F0-4963-95F3-13CAEF907CB1}.Release|x64.ActiveCfg = Release|x64
		{EAA6CC5B-F1F0-4963-95F3-13CAEF907CB1}.Release|x64.Build.0 = Release|x64
		{EAA6CC5B-F1F0-4963-95F3-13CAEF907CB1}.Release|x86.ActiveCfg = Release|Win32
		{EAA6CC5B-F1F0-4963-95F3-13CAEF907CB1}.Release|x86.Build.0 = Release|Win32
		{DEBEFEE7-13D4-48B5-A693-540C4A989E26}.Debug|x64.ActiveCfg = Debug|x64
		{DEBEFEE7-13D4-48B5-A693-540C4A989E26}.Debug|x64.Build.0 = Debug|x64
		{DEBEFEE7-13D4-48B5-A693-540C4A989E26}.Debug|x86.ActiveCfg = Debug|Win32
		{DEBEFEE7-13D4-48B5-A693-540C4A989E26}.Debug|x86.Build.0 = Debug|Win32
		{DEBEFEE7-13D4-48B5-A693-540C4A989E26}.Release|x64.ActiveCfg = Release|x64
		{DEBEFEE7-13D4-48B5-A693-540C4A989E26}.Release|x64.Build.0 = Release|x64
		{DEBEFEE7-13D4-48B5-A693-540C4A989E26}.Release|x86.ActiveCfg = Release|Win32
		{DEBEFEE7-13D4-48B5-A693-540C4A989E26}.Release|x86.Build.0 = Release|Win32
		{3BD23457-2BBA-4CB4-A55C-69A476870BB4}.Debug|x64.ActiveCfg = Debug|x64
		{3BD23457-2BBA-4CB4-A55C-69A476870BB4}.Debug|x64.Build.0 = Debug|x64
		{3BD23457-2BBA-4CB4-A55C-69A476870BB4}.Debug|x86.ActiveCfg = Debug|Win32
		{3BD23457-2BBA-4CB4-A55C-69A476870BB4}.Debug|x86.Build.0 = Debug|Win32
		{3BD23457-2BBA-4CB4-A55C-69A476870BB4}.Release|x64.ActiveCfg = Release|x64
		{3BD23457-2BBA-4CB4-A55C-69A476870BB4}.Release|x64.Build.0 = Release|x64
		{3BD23457-2BBA-4CB4-A55C-69A476870BB4}.Release|x86.ActiveCfg = Release|Win32
		{3BD23457-2BBA-4CB4-A55C-69A476870BB4}.Release|x86.Build.0 = Release|Win32
		{1B774992-9F3B-4F64-A9AD-035B1ADF4BAC}.Debug|x64.ActiveCfg = Debug|x64
		{1B774992-9F3B-4F64-A9AD-035B1ADF4BAC}.Debug|x64.Build.0 = Debug|x64
		{1B774992-9F3B-4F64-A9AD-035B1ADF4BAC}.Debug|x86.ActiveCfg = Debug|Win32
		{1B774992-9F3B-4F64-A9AD-035B1ADF4BAC}.Debug|x86.Build.0 = Debug|Win32
		{1B774992-9F3B-4F64-A9AD-035B1ADF4BAC}.Release|x64.ActiveCfg = Release|x64
		{1B774992-9F3B-4F64-A9AD-035B1ADF4BAC}.Release|x64.Build.0 = Release|x64
		{1B774992-9F3B-4F64-A9AD-035B1ADF4BAC}.Release|x86.ActiveCfg = Release|Win32
		{1B774992-9F3B-4F64-A9AD-035B1ADF4BAC}.Release|x86.Build.0 = Release|Win32
		{00C4405F-D287-4B65-9114-7C94FE82753A}.Debug|x64.ActiveCfg = Debug|x64
		{00C4405F-D287-4B65-9114-7C94FE82753A}.Debug|x64.Build.0 = Debug|x64
		{00C4405F-D287-4B65-9114-7C94FE82753A}.Debug|x86.ActiveCfg = Debug|Win32
		{00C4405F-D287-4B65-9114-7C94FE82753A}.Debug|x86.Build.0 = Debug|Win32
		{00C4405F-D287-4B65-9114-7C94FE82753A}.Release|x64.ActiveCfg = Release|x64
		{00C4405F-D287-4B65-9114-7C94FE82753A}.Release|x64.Build.0 = Release|x64
		{00C4405F-D287-4B65-9114-7C94FE82753A}.Release|x86.ActiveCfg = Release|Win32
		{00C4405F-D287-4B65-9114-7C94FE82753A}.Release|x86.Build.0 = Release|Win32
		{215233A2-9C49-4D94-AC1B-3DDE41852D92}.Debug|x64.ActiveCfg = Debug|x64
		{215233A2-9C49-4D94-AC1B-3DDE41852D92}.Debug|x64.Build.0 = Debug|x64
		{215233A2-9C49-4D94-AC1B-3DDE41852D92}.Debug|x86.ActiveCfg = Debug|Win32
		{215233A2-9C49-4D94-AC1B-3DDE41852D92}.Debug|x86.Build.0 = Debug|Win32
		{215233A2-9C49-4D94-AC1B-3DDE41852D92}.Release|x64.ActiveCfg = Release|x64
		{215233A2-9C49-4D94-AC1B-3DDE41852D92}.Release|x64.Build.0 = Release|x64
		{215233A2-9C49-4D94-AC1B-3DDE41852D92}.Release|x86.ActiveCfg = Release|Win32
		{215233A2-9C49-4D94-AC1B-3DDE41852D92}.Release|x86.Build.0 = Release|Win32
		{625C0472-CF04-4F96-BFE7-5575E99EFEE6}.Debug|x64.ActiveCfg = Debug|x64
		{625C0472-CF04-4F96-BFE7-5575E99EFEE6}.Debug|x64.Build.0 = Debug|x64
		{625C0472-CF04-4F96-BFE7-5575E99EFEE6}.Debug|x86.ActiveCfg = Debug|Win32
		{625C0472-CF04-4F96-BFE7-5575E99EFEE6}.Debug|x86.Build.0 = Debug|Win32
		{625C0472-CF04-4F96-BFE7-5575E99EFEE6}.Release|x64.ActiveCfg = Release|x64
		{625C0472-CF04-4F96-BFE7-5575E99EFEE6}.Release|x64.Build.0 = Release|x64
		{625C0472-CF04-4F96-BFE7-5575E99EFEE6}.Release|x86.ActiveCfg = Release|Win32
		{625C0472-CF04-4F96-BFE7-5575E99EFEE6}.Release|x86.Build.0 = Release|Win32
		{D5170581-70F9-40AA-96FF-B3CDD6A3F45F}.Debug|x64.ActiveCfg = Debug|x64
		{D5170581-70F9-40AA-96FF-B3CDD6A3F45F}.Debug|x64.Build.0 = Debug|x64
		{D5170581-70F9-40AA-96FF-B3CDD6A3F45F}.Debug|x86.ActiveCfg = Debug|Win32
		{D5170581-70F9-40AA-96FF-B3CDD6A3F45F}.Debug|x86.Build.0 = Debug|Win32
		{D5170581-70F9-40AA-96FF-B3CDD6A3F45F}.Release|x64.ActiveCfg = Release|x64
		{D5170581-70F9-40AA-96FF-B3CDD6A3F45F}.Release|x64.Build.0 = Release|x64
		{D5170581-70F9-40AA-96FF-B3CDD6A3F45F}.Release|x86.ActiveCfg = Release|Win32
		{D5170581-70F9-40AA-96FF-B3CDD6A3F45F}.Release|x86.Build.0 = Release|Win32
		{4F9257C3-2C76-45DF-9FD3-DDE8E81CB3B5}.Debug|x64.ActiveCfg = Debug|x64
		{4F9257C3-2C76-45DF-9FD3-DDE8E81CB3B5}.Debug|x64.Build.0 = Debug|x64
		{4F9257C3-2C76-45DF-9FD3-DDE8E81CB3B5}.Debug|x86.ActiveCfg = Debug|Win32
		{4F9257C3-2C76-45DF-9FD3-DDE8E81CB3B5}.Debug|x86.Build.0 = Debug|Win32
		{4F9257C3-2C76-45DF-9FD3-DDE8E81CB3B5}.Release|x64.ActiveCfg = Release|x64
		{4F9257C3-2C76-45DF-9FD3-DDE8E81CB3B5}.Release|x64.Build.0 = Release|x64
		{4F9257C3-2C76-45DF-9FD3-DDE8E81CB3B5}.Release|x86.ActiveCfg = Release|Win32
		{4F9257C3-2C76-45DF-9FD3-DDE8E81CB3B5}.Release|x86.Build.0 = Release|Win32
		{E505DFFC-A938-4083-ABFE-71DF587CB3F4}.Debug|x64.ActiveCfg = Debug|x64
		{E505DFFC-A938-4083-ABFE-71DF587CB3F4}.Debug|x64.Build.0 = Debug|x64
		{E505DFFC-A938-4083-ABFE-71DF587CB3F4}.Debug|x86.ActiveCfg = Debug|Win32
		{E505DFFC-A938-4083-ABFE-71DF587CB3F4}.Debug|x86.Build.0 = Debug|Win32
		{E505DFFC-A938-4083-ABFE-71DF587CB3F4}.Release|x64.ActiveCfg = Release|x64
		{E505DFFC-A938-4083-ABFE-71DF587CB3F4}.Release|x64.Build.0 = Release|x64
		{E505DFFC-A938-4083-ABFE-71DF587CB3F4}.Release|x86.ActiveCfg = Release|Win32
		{E505DFFC-A938-4083-ABFE-71DF587CB3F4}.Release|x86.Build.0 = Release|Win32
		{A7CD213B-7534-4CC5-ACF3-B6457D497067}.Debug|x64.ActiveCfg = Debug|x64
		{A7CD213B-7534-4CC5-ACF3-B6457D497067}.Debug|x64.Build.0 = Debug|x64
		{A7CD213B-7534-4CC5-ACF3-B6457D497067}.Debug|x86.ActiveCfg = Debug|Win32
		{A7CD213B-7534-4CC5-ACF3-B6457D497067}.Debug|x86.Build.0 = Debug|Win32
		{A7CD213B-7534-4CC5-ACF3-B6457D497067}.Release|x64.ActiveCfg = Release|x64
		{A7CD213B-7534-4CC5-ACF3-B6457D497067}.Release|x64.Build.0 = Release|x64
		{A7CD213B-7534-4CC5-ACF3-B6457D497067}.Release|x86.ActiveCfg = Release|Win32
		{A7CD213B-7534-4CC5-ACF3-B6457D497067}.Release|x86.Build.0 = Release|Win32
		{AD4454AA-2C15-4B21-83DE-C7C403D68D97}.Debug|x64.ActiveCfg = Debug|x64
		{AD4454AA-2C15-4B21-83DE-C7C403D68D97}.Debug|x64.Build.0 = Debug|x64
		{AD4454AA-2C15-4B21-83DE-C7C403D68D97}.Debug|x86.ActiveCfg = Debug|Win32
		{AD4454AA-2C15-4B21-83DE-C7C403D68D97}.Debug|x86.Build.0 = Debug|Win32
		{AD4454AA-2C15-4B21-83DE-C7C403D68D97}.Release|x64.ActiveCfg = Release|x64
		{AD4454AA-2C15-4B21-83DE-C7C403D68D97}.Release|x64.Build.0 = Release|x64
		{AD4454AA-2C15-4B21-83DE-C7C403D68D97}.Release|x86.ActiveCfg = Release|Win32
		{AD4454AA-2C15-4B21-83DE-C7C403D68D97}.Release|x86.Build.0 = Release|Win32
		{6B4C703A-9369-4A0B-BC85-13D26BB5B82E}.Debug|x64.ActiveCfg = Debug|x64
		{6B4C703A-9369-4A0B-BC85-13D26BB5B82E}.Debug|x64.Build.0 = Debug|x64
		{6B4C703A-9369-4A0B-BC85-13D26BB5B82E}.Debug|x86.ActiveCfg = Debug|Win32
		{6B4C703A-9369-4A0B-BC85-13D26BB5B82E}.Debug|x86.Build.0 = Debug|Win32
		{6B4C703A-9369-4A0B-BC85-13D26BB5B82E}.Release|x64.ActiveCfg = Release|x64
		{6B4C703A-9369-4A0B-BC85-13D26BB5B82E}.Release|x64.Build.0 = Release|x64
		{6B4C703A-9369-4A0B-BC85-13D26BB5B82E}.Release|x86.ActiveCfg = Release|Win32
		{6B4C703A-9369-4A0B-BC85-13D26BB5B82E}.Release|x86.Build.0 = Release|Win32
	EndGlobalSection
	GlobalSection(SolutionProperties) = preSolution
		HideSolutionNode = FALSE
	EndGlobalSection
	GlobalSection(ExtensibilityGlobals) = postSolution
		SolutionGuid = {7339302E-ACA8-4E2E-810D-C3939E93857A}
	EndGlobalSection
EndGlobal
